// !$*UTF8*$!
{
	archiveVersion = 1;
	classes = {
	};
	objectVersion = 46;
	objects = {

/* Begin PBXBuildFile section */
		4728F24E1B1C1659007B8697 /* AppDelegate.swift in Sources */ = {isa = PBXBuildFile; fileRef = 4728F24D1B1C1659007B8697 /* AppDelegate.swift */; };
		4728F2501B1C1659007B8697 /* ViewController.swift in Sources */ = {isa = PBXBuildFile; fileRef = 4728F24F1B1C1659007B8697 /* ViewController.swift */; };
		4728F2531B1C1659007B8697 /* Main.storyboard in Resources */ = {isa = PBXBuildFile; fileRef = 4728F2511B1C1659007B8697 /* Main.storyboard */; };
		4728F2551B1C1659007B8697 /* Images.xcassets in Resources */ = {isa = PBXBuildFile; fileRef = 4728F2541B1C1659007B8697 /* Images.xcassets */; };
		4728F2581B1C1659007B8697 /* LaunchScreen.xib in Resources */ = {isa = PBXBuildFile; fileRef = 4728F2561B1C1659007B8697 /* LaunchScreen.xib */; };
		4728F2641B1C1659007B8697 /* Permanent_StorageTests.swift in Sources */ = {isa = PBXBuildFile; fileRef = 4728F2631B1C1659007B8697 /* Permanent_StorageTests.swift */; };
/* End PBXBuildFile section */

/* Begin PBXContainerItemProxy section */
		4728F25E1B1C1659007B8697 /* PBXContainerItemProxy */ = {
			isa = PBXContainerItemProxy;
			containerPortal = 4728F2401B1C1659007B8697 /* Project object */;
			proxyType = 1;
			remoteGlobalIDString = 4728F2471B1C1659007B8697;
			remoteInfo = "Permanent Storage";
		};
/* End PBXContainerItemProxy section */

/* Begin PBXFileReference section */
		4728F2481B1C1659007B8697 /* Permanent Storage.app */ = {isa = PBXFileReference; explicitFileType = wrapper.application; includeInIndex = 0; path = "Permanent Storage.app"; sourceTree = BUILT_PRODUCTS_DIR; };
		4728F24C1B1C1659007B8697 /* Info.plist */ = {isa = PBXFileReference; lastKnownFileType = text.plist.xml; path = Info.plist; sourceTree = "<group>"; };
		4728F24D1B1C1659007B8697 /* AppDelegate.swift */ = {isa = PBXFileReference; lastKnownFileType = sourcecode.swift; path = AppDelegate.swift; sourceTree = "<group>"; };
		4728F24F1B1C1659007B8697 /* ViewController.swift */ = {isa = PBXFileReference; lastKnownFileType = sourcecode.swift; path = ViewController.swift; sourceTree = "<group>"; };
		4728F2521B1C1659007B8697 /* Base */ = {isa = PBXFileReference; lastKnownFileType = file.storyboard; name = Base; path = Base.lproj/Main.storyboard; sourceTree = "<group>"; };
		4728F2541B1C1659007B8697 /* Images.xcassets */ = {isa = PBXFileReference; lastKnownFileType = folder.assetcatalog; path = Images.xcassets; sourceTree = "<group>"; };
		4728F2571B1C1659007B8697 /* Base */ = {isa = PBXFileReference; lastKnownFileType = file.xib; name = Base; path = Base.lproj/LaunchScreen.xib; sourceTree = "<group>"; };
		4728F25D1B1C1659007B8697 /* Permanent StorageTests.xctest */ = {isa = PBXFileReference; explicitFileType = wrapper.cfbundle; includeInIndex = 0; path = "Permanent StorageTests.xctest"; sourceTree = BUILT_PRODUCTS_DIR; };
		4728F2621B1C1659007B8697 /* Info.plist */ = {isa = PBXFileReference; lastKnownFileType = text.plist.xml; path = Info.plist; sourceTree = "<group>"; };
		4728F2631B1C1659007B8697 /* Permanent_StorageTests.swift */ = {isa = PBXFileReference; lastKnownFileType = sourcecode.swift; path = Permanent_StorageTests.swift; sourceTree = "<group>"; };
/* End PBXFileReference section */

/* Begin PBXFrameworksBuildPhase section */
		4728F2451B1C1659007B8697 /* Frameworks */ = {
			isa = PBXFrameworksBuildPhase;
			buildActionMask = 2147483647;
			files = (
			);
			runOnlyForDeploymentPostprocessing = 0;
		};
		4728F25A1B1C1659007B8697 /* Frameworks */ = {
			isa = PBXFrameworksBuildPhase;
			buildActionMask = 2147483647;
			files = (
			);
			runOnlyForDeploymentPostprocessing = 0;
		};
/* End PBXFrameworksBuildPhase section */

/* Begin PBXGroup section */
		4728F23F1B1C1659007B8697 = {
			isa = PBXGroup;
			children = (
				4728F24A1B1C1659007B8697 /* Permanent Storage */,
				4728F2601B1C1659007B8697 /* Permanent StorageTests */,
				4728F2491B1C1659007B8697 /* Products */,
			);
			sourceTree = "<group>";
		};
		4728F2491B1C1659007B8697 /* Products */ = {
			isa = PBXGroup;
			children = (
				4728F2481B1C1659007B8697 /* Permanent Storage.app */,
				4728F25D1B1C1659007B8697 /* Permanent StorageTests.xctest */,
			);
			name = Products;
			sourceTree = "<group>";
		};
		4728F24A1B1C1659007B8697 /* Permanent Storage */ = {
			isa = PBXGroup;
			children = (
				4728F24D1B1C1659007B8697 /* AppDelegate.swift */,
				4728F24F1B1C1659007B8697 /* ViewController.swift */,
				4728F2511B1C1659007B8697 /* Main.storyboard */,
				4728F2541B1C1659007B8697 /* Images.xcassets */,
				4728F2561B1C1659007B8697 /* LaunchScreen.xib */,
				4728F24B1B1C1659007B8697 /* Supporting Files */,
			);
			path = "Permanent Storage";
			sourceTree = "<group>";
		};
		4728F24B1B1C1659007B8697 /* Supporting Files */ = {
			isa = PBXGroup;
			children = (
				4728F24C1B1C1659007B8697 /* Info.plist */,
			);
			name = "Supporting Files";
			sourceTree = "<group>";
		};
		4728F2601B1C1659007B8697 /* Permanent StorageTests */ = {
			isa = PBXGroup;
			children = (
				4728F2631B1C1659007B8697 /* Permanent_StorageTests.swift */,
				4728F2611B1C1659007B8697 /* Supporting Files */,
			);
			path = "Permanent StorageTests";
			sourceTree = "<group>";
		};
		4728F2611B1C1659007B8697 /* Supporting Files */ = {
			isa = PBXGroup;
			children = (
				4728F2621B1C1659007B8697 /* Info.plist */,
			);
			name = "Supporting Files";
			sourceTree = "<group>";
		};
/* End PBXGroup section */

/* Begin PBXNativeTarget section */
		4728F2471B1C1659007B8697 /* Permanent Storage */ = {
			isa = PBXNativeTarget;
			buildConfigurationList = 4728F2671B1C1659007B8697 /* Build configuration list for PBXNativeTarget "Permanent Storage" */;
			buildPhases = (
				4728F2441B1C1659007B8697 /* Sources */,
				4728F2451B1C1659007B8697 /* Frameworks */,
				4728F2461B1C1659007B8697 /* Resources */,
			);
			buildRules = (
			);
			dependencies = (
			);
			name = "Permanent Storage";
			productName = "Permanent Storage";
			productReference = 4728F2481B1C1659007B8697 /* Permanent Storage.app */;
			productType = "com.apple.product-type.application";
		};
		4728F25C1B1C1659007B8697 /* Permanent StorageTests */ = {
			isa = PBXNativeTarget;
			buildConfigurationList = 4728F26A1B1C1659007B8697 /* Build configuration list for PBXNativeTarget "Permanent StorageTests" */;
			buildPhases = (
				4728F2591B1C1659007B8697 /* Sources */,
				4728F25A1B1C1659007B8697 /* Frameworks */,
				4728F25B1B1C1659007B8697 /* Resources */,
			);
			buildRules = (
			);
			dependencies = (
				4728F25F1B1C1659007B8697 /* PBXTargetDependency */,
			);
			name = "Permanent StorageTests";
			productName = "Permanent StorageTests";
			productReference = 4728F25D1B1C1659007B8697 /* Permanent StorageTests.xctest */;
			productType = "com.apple.product-type.bundle.unit-test";
		};
/* End PBXNativeTarget section */

/* Begin PBXProject section */
		4728F2401B1C1659007B8697 /* Project object */ = {
			isa = PBXProject;
			attributes = {
				LastUpgradeCheck = 0630;
				ORGANIZATIONNAME = iDev;
				TargetAttributes = {
					4728F2471B1C1659007B8697 = {
						CreatedOnToolsVersion = 6.3.1;
					};
					4728F25C1B1C1659007B8697 = {
						CreatedOnToolsVersion = 6.3.1;
						TestTargetID = 4728F2471B1C1659007B8697;
					};
				};
			};
			buildConfigurationList = 4728F2431B1C1659007B8697 /* Build configuration list for PBXProject "Permanent Storage" */;
			compatibilityVersion = "Xcode 3.2";
			developmentRegion = English;
			hasScannedForEncodings = 0;
			knownRegions = (
				en,
				Base,
			);
			mainGroup = 4728F23F1B1C1659007B8697;
			productRefGroup = 4728F2491B1C1659007B8697 /* Products */;
			projectDirPath = "";
			projectRoot = "";
			targets = (
				4728F2471B1C1659007B8697 /* Permanent Storage */,
				4728F25C1B1C1659007B8697 /* Permanent StorageTests */,
			);
		};
/* End PBXProject section */

/* Begin PBXResourcesBuildPhase section */
		4728F2461B1C1659007B8697 /* Resources */ = {
			isa = PBXResourcesBuildPhase;
			buildActionMask = 2147483647;
			files = (
				4728F2531B1C1659007B8697 /* Main.storyboard in Resources */,
				4728F2581B1C1659007B8697 /* LaunchScreen.xib in Resources */,
				4728F2551B1C1659007B8697 /* Images.xcassets in Resources */,
			);
			runOnlyForDeploymentPostprocessing = 0;
		};
		4728F25B1B1C1659007B8697 /* Resources */ = {
			isa = PBXResourcesBuildPhase;
			buildActionMask = 2147483647;
			files = (
			);
			runOnlyForDeploymentPostprocessing = 0;
		};
/* End PBXResourcesBuildPhase section */

/* Begin PBXSourcesBuildPhase section */
		4728F2441B1C1659007B8697 /* Sources */ = {
			isa = PBXSourcesBuildPhase;
			buildActionMask = 2147483647;
			files = (
				4728F2501B1C1659007B8697 /* ViewController.swift in Sources */,
				4728F24E1B1C1659007B8697 /* AppDelegate.swift in Sources */,
			);
			runOnlyForDeploymentPostprocessing = 0;
		};
		4728F2591B1C1659007B8697 /* Sources */ = {
			isa = PBXSourcesBuildPhase;
			buildActionMask = 2147483647;
			files = (
				4728F2641B1C1659007B8697 /* Permanent_StorageTests.swift in Sources */,
			);
			runOnlyForDeploymentPostprocessing = 0;
		};
/* End PBXSourcesBuildPhase section */

/* Begin PBXTargetDependency section */
		4728F25F1B1C1659007B8697 /* PBXTargetDependency */ = {
			isa = PBXTargetDependency;
			target = 4728F2471B1C1659007B8697 /* Permanent Storage */;
			targetProxy = 4728F25E1B1C1659007B8697 /* PBXContainerItemProxy */;
		};
/* End PBXTargetDependency section */

/* Begin PBXVariantGroup section */
		4728F2511B1C1659007B8697 /* Main.storyboard */ = {
			isa = PBXVariantGroup;
			children = (
				4728F2521B1C1659007B8697 /* Base */,
			);
			name = Main.storyboard;
			sourceTree = "<group>";
		};
		4728F2561B1C1659007B8697 /* LaunchScreen.xib */ = {
			isa = PBXVariantGroup;
			children = (
				4728F2571B1C1659007B8697 /* Base */,
			);
			name = LaunchScreen.xib;
			sourceTree = "<group>";
		};
/* End PBXVariantGroup section */

/* Begin XCBuildConfiguration section */
		4728F2651B1C1659007B8697 /* Debug */ = {
			isa = XCBuildConfiguration;
			buildSettings = {
				ALWAYS_SEARCH_USER_PATHS = NO;
				CLANG_CXX_LANGUAGE_STANDARD = "gnu++0x";
				CLANG_CXX_LIBRARY = "libc++";
				CLANG_ENABLE_MODULES = YES;
				CLANG_ENABLE_OBJC_ARC = YES;
				CLANG_WARN_BOOL_CONVERSION = YES;
				CLANG_WARN_CONSTANT_CONVERSION = YES;
				CLANG_WARN_DIRECT_OBJC_ISA_USAGE = YES_ERROR;
				CLANG_WARN_EMPTY_BODY = YES;
				CLANG_WARN_ENUM_CONVERSION = YES;
				CLANG_WARN_INT_CONVERSION = YES;
				CLANG_WARN_OBJC_ROOT_CLASS = YES_ERROR;
				CLANG_WARN_UNREACHABLE_CODE = YES;
				CLANG_WARN__DUPLICATE_METHOD_MATCH = YES;
				"CODE_SIGN_IDENTITY[sdk=iphoneos*]" = "iPhone Developer";
				COPY_PHASE_STRIP = NO;
				DEBUG_INFORMATION_FORMAT = "dwarf-with-dsym";
				ENABLE_STRICT_OBJC_MSGSEND = YES;
				GCC_C_LANGUAGE_STANDARD = gnu99;
				GCC_DYNAMIC_NO_PIC = NO;
				GCC_NO_COMMON_BLOCKS = YES;
				GCC_OPTIMIZATION_LEVEL = 0;
				GCC_PREPROCESSOR_DEFINITIONS = (
					"DEBUG=1",
					"$(inherited)",
				);
				GCC_SYMBOLS_PRIVATE_EXTERN = NO;
				GCC_WARN_64_TO_32_BIT_CONVERSION = YES;
				GCC_WARN_ABOUT_RETURN_TYPE = YES_ERROR;
				GCC_WARN_UNDECLARED_SELECTOR = YES;
				GCC_WARN_UNINITIALIZED_AUTOS = YES_AGGRESSIVE;
				GCC_WARN_UNUSED_FUNCTION = YES;
				GCC_WARN_UNUSED_VARIABLE = YES;
				IPHONEOS_DEPLOYMENT_TARGET = 8.3;
				MTL_ENABLE_DEBUG_INFO = YES;
				ONLY_ACTIVE_ARCH = YES;
				SDKROOT = iphoneos;
				SWIFT_OPTIMIZATION_LEVEL = "-Onone";
				TARGETED_DEVICE_FAMILY = "1,2";
			};
			name = Debug;
		};
		4728F2661B1C1659007B8697 /* Release */ = {
			isa = XCBuildConfiguration;
			buildSettings = {
				ALWAYS_SEARCH_USER_PATHS = NO;
				CLANG_CXX_LANGUAGE_STANDARD = "gnu++0x";
				CLANG_CXX_LIBRARY = "libc++";
				CLANG_ENABLE_MODULES = YES;
				CLANG_ENABLE_OBJC_ARC = YES;
				CLANG_WARN_BOOL_CONVERSION = YES;
				CLANG_WARN_CONSTANT_CONVERSION = YES;
				CLANG_WARN_DIRECT_OBJC_ISA_USAGE = YES_ERROR;
				CLANG_WARN_EMPTY_BODY = YES;
				CLANG_WARN_ENUM_CONVERSION = YES;
				CLANG_WARN_INT_CONVERSION = YES;
				CLANG_WARN_OBJC_ROOT_CLASS = YES_ERROR;
				CLANG_WARN_UNREACHABLE_CODE = YES;
				CLANG_WARN__DUPLICATE_METHOD_MATCH = YES;
				"CODE_SIGN_IDENTITY[sdk=iphoneos*]" = "iPhone Developer";
				COPY_PHASE_STRIP = NO;
				DEBUG_INFORMATION_FORMAT = "dwarf-with-dsym";
				ENABLE_NS_ASSERTIONS = NO;
				ENABLE_STRICT_OBJC_MSGSEND = YES;
				GCC_C_LANGUAGE_STANDARD = gnu99;
				GCC_NO_COMMON_BLOCKS = YES;
				GCC_WARN_64_TO_32_BIT_CONVERSION = YES;
				GCC_WARN_ABOUT_RETURN_TYPE = YES_ERROR;
				GCC_WARN_UNDECLARED_SELECTOR = YES;
				GCC_WARN_UNINITIALIZED_AUTOS = YES_AGGRESSIVE;
				GCC_WARN_UNUSED_FUNCTION = YES;
				GCC_WARN_UNUSED_VARIABLE = YES;
				IPHONEOS_DEPLOYMENT_TARGET = 8.3;
				MTL_ENABLE_DEBUG_INFO = NO;
				SDKROOT = iphoneos;
				TARGETED_DEVICE_FAMILY = "1,2";
				VALIDATE_PRODUCT = YES;
			};
			name = Release;
		};
		4728F2681B1C1659007B8697 /* Debug */ = {
			isa = XCBuildConfiguration;
			buildSettings = {
				ASSETCATALOG_COMPILER_APPICON_NAME = AppIcon;
				INFOPLIST_FILE = "Permanent Storage/Info.plist";
				LD_RUNPATH_SEARCH_PATHS = "$(inherited) @executable_path/Frameworks";
				PRODUCT_NAME = "$(TARGET_NAME)";
			};
			name = Debug;
		};
		4728F2691B1C1659007B8697 /* Release */ = {
			isa = XCBuildConfiguration;
			buildSettings = {
				ASSETCATALOG_COMPILER_APPICON_NAME = AppIcon;
				INFOPLIST_FILE = "Permanent Storage/Info.plist";
				LD_RUNPATH_SEARCH_PATHS = "$(inherited) @executable_path/Frameworks";
				PRODUCT_NAME = "$(TARGET_NAME)";
			};
			name = Release;
		};
		4728F26B1B1C1659007B8697 /* Debug */ = {
			isa = XCBuildConfiguration;
			buildSettings = {
				BUNDLE_LOADER = "$(TEST_HOST)";
				FRAMEWORK_SEARCH_PATHS = (
					"$(SDKROOT)/Developer/Library/Frameworks",
					"$(inherited)",
				);
				GCC_PREPROCESSOR_DEFINITIONS = (
					"DEBUG=1",
					"$(inherited)",
				);
				INFOPLIST_FILE = "Permanent StorageTests/Info.plist";
				LD_RUNPATH_SEARCH_PATHS = "$(inherited) @executable_path/Frameworks @loader_path/Frameworks";
				PRODUCT_NAME = "$(TARGET_NAME)";
				TEST_HOST = "$(BUILT_PRODUCTS_DIR)/Permanent Storage.app/Permanent Storage";
			};
			name = Debug;
		};
		4728F26C1B1C1659007B8697 /* Release */ = {
			isa = XCBuildConfiguration;
			buildSettings = {
				BUNDLE_LOADER = "$(TEST_HOST)";
				FRAMEWORK_SEARCH_PATHS = (
					"$(SDKROOT)/Developer/Library/Frameworks",
					"$(inherited)",
				);
				INFOPLIST_FILE = "Permanent StorageTests/Info.plist";
				LD_RUNPATH_SEARCH_PATHS = "$(inherited) @executable_path/Frameworks @loader_path/Frameworks";
				PRODUCT_NAME = "$(TARGET_NAME)";
				TEST_HOST = "$(BUILT_PRODUCTS_DIR)/Permanent Storage.app/Permanent Storage";
			};
			name = Release;
		};
/* End XCBuildConfiguration section */

/* Begin XCConfigurationList section */
		4728F2431B1C1659007B8697 /* Build configuration list for PBXProject "Permanent Storage" */ = {
			isa = XCConfigurationList;
			buildConfigurations = (
				4728F2651B1C1659007B8697 /* Debug */,
				4728F2661B1C1659007B8697 /* Release */,
			);
			defaultConfigurationIsVisible = 0;
			defaultConfigurationName = Release;
		};
		4728F2671B1C1659007B8697 /* Build configuration list for PBXNativeTarget "Permanent Storage" */ = {
			isa = XCConfigurationList;
			buildConfigurations = (
				4728F2681B1C1659007B8697 /* Debug */,
				4728F2691B1C1659007B8697 /* Release */,
			);
			defaultConfigurationIsVisible = 0;
		};
		4728F26A1B1C1659007B8697 /* Build configuration list for PBXNativeTarget "Permanent StorageTests" */ = {
			isa = XCConfigurationList;
			buildConfigurations = (
				4728F26B1B1C1659007B8697 /* Debug */,
				4728F26C1B1C1659007B8697 /* Release */,
			);
			defaultConfigurationIsVisible = 0;
		};
/* End XCConfigurationList section */
	};
	rootObject = 4728F2401B1C1659007B8697 /* Project object */;
}
